
Microsoft Visual Studio Solution File, Format Version 12.00
# Visual Studio Version 16
VisualStudioVersion = 16.0.30114.105
MinimumVisualStudioVersion = 10.0.40219.1
Project("{9A19103F-16F7-4668-BE54-9A1E7A4F7556}") = "Regulus.Remote.Tools.Protocol", "Regulus.Remote.Tools.Protocol\Regulus.Remote.Tools.Protocol.csproj", "{CD6B3B87-2254-4D8B-A796-CDC4B7D93892}"
EndProject
Project("{2150E333-8FDC-42A3-9474-1A3956D46DE8}") = "Solution Items", "Solution Items", "{0ADEFB11-6C69-49B5-A9FE-091EB61DE86A}"
	ProjectSection(SolutionItems) = preProject
		appveyor.yml = appveyor.yml
	EndProjectSection
EndProject
Global
	GlobalSection(SolutionConfigurationPlatforms) = preSolution
		Debug|Any CPU = Debug|Any CPU
		Debug|x64 = Debug|x64
		Debug|x86 = Debug|x86
		Release|Any CPU = Release|Any CPU
		Release|x64 = Release|x64
		Release|x86 = Release|x86
	EndGlobalSection
	GlobalSection(ProjectConfigurationPlatforms) = postSolution
		{CD6B3B87-2254-4D8B-A796-CDC4B7D93892}.Debug|Any CPU.ActiveCfg = Debug|Any CPU
		{CD6B3B87-2254-4D8B-A796-CDC4B7D93892}.Debug|Any CPU.Build.0 = Debug|Any CPU
		{CD6B3B87-2254-4D8B-A796-CDC4B7D93892}.Debug|x64.ActiveCfg = Debug|Any CPU
		{CD6B3B87-2254-4D8B-A796-CDC4B7D93892}.Debug|x64.Build.0 = Debug|Any CPU
		{CD6B3B87-2254-4D8B-A796-CDC4B7D93892}.Debug|x86.ActiveCfg = Debug|Any CPU
		{CD6B3B87-2254-4D8B-A796-CDC4B7D93892}.Debug|x86.Build.0 = Debug|Any CPU
		{CD6B3B87-2254-4D8B-A796-CDC4B7D93892}.Release|Any CPU.ActiveCfg = Release|Any CPU
		{CD6B3B87-2254-4D8B-A796-CDC4B7D93892}.Release|Any CPU.Build.0 = Release|Any CPU
		{CD6B3B87-2254-4D8B-A796-CDC4B7D93892}.Release|x64.ActiveCfg = Release|Any CPU
		{CD6B3B87-2254-4D8B-A796-CDC4B7D93892}.Release|x64.Build.0 = Release|Any CPU
		{CD6B3B87-2254-4D8B-A796-CDC4B7D93892}.Release|x86.ActiveCfg = Release|Any CPU
		{CD6B3B87-2254-4D8B-A796-CDC4B7D93892}.Release|x86.Build.0 = Release|Any CPU
	EndGlobalSection
	GlobalSection(SolutionProperties) = preSolution
		HideSolutionNode = FALSE
	EndGlobalSection
	GlobalSection(ExtensibilityGlobals) = postSolution
		SolutionGuid = {886C8F86-CCBB-4618-B093-F1208E84A135}
	EndGlobalSection
EndGlobal
